
Microsoft Visual Studio Solution File, Format Version 12.00
# Visual Studio Version 17
VisualStudioVersion = 17.10.34928.147
MinimumVisualStudioVersion = 10.0.40219.1
Project("{FAE04EC0-301F-11D3-BF4B-00C04F79EFBC}") = "CQRS-five", "CQRS-five\CQRS-five.csproj", "{DC04D7A3-B2FC-47F3-B051-2CD0D1EC24DA}"
EndProject
Project("{FAE04EC0-301F-11D3-BF4B-00C04F79EFBC}") = "Domain", "Domain\Domain.csproj", "{6C612572-96DA-434E-9E6D-49F152A5DEE7}"
EndProject
Project("{FAE04EC0-301F-11D3-BF4B-00C04F79EFBC}") = "Infra", "Infra\Infra.csproj", "{712A9728-234A-440D-A728-0A7971DDCEA9}"
EndProject
Global
	GlobalSection(SolutionConfigurationPlatforms) = preSolution
		Debug|Any CPU = Debug|Any CPU
		Release|Any CPU = Release|Any CPU
	EndGlobalSection
	GlobalSection(ProjectConfigurationPlatforms) = postSolution
		{DC04D7A3-B2FC-47F3-B051-2CD0D1EC24DA}.Debug|Any CPU.ActiveCfg = Debug|Any CPU
		{DC04D7A3-B2FC-47F3-B051-2CD0D1EC24DA}.Debug|Any CPU.Build.0 = Debug|Any CPU
		{DC04D7A3-B2FC-47F3-B051-2CD0D1EC24DA}.Release|Any CPU.ActiveCfg = Release|Any CPU
		{DC04D7A3-B2FC-47F3-B051-2CD0D1EC24DA}.Release|Any CPU.Build.0 = Release|Any CPU
		{6C612572-96DA-434E-9E6D-49F152A5DEE7}.Debug|Any CPU.ActiveCfg = Debug|Any CPU
		{6C612572-96DA-434E-9E6D-49F152A5DEE7}.Debug|Any CPU.Build.0 = Debug|Any CPU
		{6C612572-96DA-434E-9E6D-49F152A5DEE7}.Release|Any CPU.ActiveCfg = Release|Any CPU
		{6C612572-96DA-434E-9E6D-49F152A5DEE7}.Release|Any CPU.Build.0 = Release|Any CPU
		{712A9728-234A-440D-A728-0A7971DDCEA9}.Debug|Any CPU.ActiveCfg = Debug|Any CPU
		{712A9728-234A-440D-A728-0A7971DDCEA9}.Debug|Any CPU.Build.0 = Debug|Any CPU
		{712A9728-234A-440D-A728-0A7971DDCEA9}.Release|Any CPU.ActiveCfg = Release|Any CPU
		{712A9728-234A-440D-A728-0A7971DDCEA9}.Release|Any CPU.Build.0 = Release|Any CPU
	EndGlobalSection
	GlobalSection(SolutionProperties) = preSolution
		HideSolutionNode = FALSE
	EndGlobalSection
	GlobalSection(ExtensibilityGlobals) = postSolution
		SolutionGuid = {E820413A-F17F-42B1-A08D-DE1A2CF712E6}
	EndGlobalSection
EndGlobal
